
Microsoft Visual Studio Solution File, Format Version 12.00
# Visual Studio 15
VisualStudioVersion = 15.0.27130.2036
MinimumVisualStudioVersion = 10.0.40219.1
Project("{FAE04EC0-301F-11D3-BF4B-00C04F79EFBC}") = "ClassifyData", "ClassifyData\ClassifyData.csproj", "{60E88A0C-D45C-4AF5-90B2-A636ECD50E25}"
EndProject
Project("{2150E333-8FDC-42A3-9474-1A3956D46DE8}") = "Solution Items", "Solution Items", "{ADFF416C-E6F6-4CD2-9E58-6DC5BC88A114}"
	ProjectSection(SolutionItems) = preProject
		README.md = README.md
	EndProjectSection
EndProject
Project("{FAE04EC0-301F-11D3-BF4B-00C04F79EFBC}") = "ClassifyData.App", "ClassifyData.App\ClassifyData.App.csproj", "{2062F43E-76CE-4090-B66D-63CD5754FB91}"
EndProject
Global
	GlobalSection(SolutionConfigurationPlatforms) = preSolution
		Debug|Any CPU = Debug|Any CPU
		Release|Any CPU = Release|Any CPU
	EndGlobalSection
	GlobalSection(ProjectConfigurationPlatforms) = postSolution
		{60E88A0C-D45C-4AF5-90B2-A636ECD50E25}.Debug|Any CPU.ActiveCfg = Debug|Any CPU
		{60E88A0C-D45C-4AF5-90B2-A636ECD50E25}.Debug|Any CPU.Build.0 = Debug|Any CPU
		{60E88A0C-D45C-4AF5-90B2-A636ECD50E25}.Release|Any CPU.ActiveCfg = Release|Any CPU
		{60E88A0C-D45C-4AF5-90B2-A636ECD50E25}.Release|Any CPU.Build.0 = Release|Any CPU
		{2062F43E-76CE-4090-B66D-63CD5754FB91}.Debug|Any CPU.ActiveCfg = Debug|Any CPU
		{2062F43E-76CE-4090-B66D-63CD5754FB91}.Debug|Any CPU.Build.0 = Debug|Any CPU
		{2062F43E-76CE-4090-B66D-63CD5754FB91}.Release|Any CPU.ActiveCfg = Release|Any CPU
		{2062F43E-76CE-4090-B66D-63CD5754FB91}.Release|Any CPU.Build.0 = Release|Any CPU
	EndGlobalSection
	GlobalSection(SolutionProperties) = preSolution
		HideSolutionNode = FALSE
	EndGlobalSection
	GlobalSection(ExtensibilityGlobals) = postSolution
		SolutionGuid = {E18BA99F-66F2-4471-8754-1F1663579325}
	EndGlobalSection
EndGlobal
